{
  "pins" : [
    {
      "identity" : "bcswiftcrypto",
      "kind" : "remoteSourceControl",
      "location" : "https://github.com/BlockchainCommons/BCSwiftCrypto",
      "state" : {
        "revision" : "3236af46adba5a48cbc100c4a181d38b37f2c822",
        "version" : "0.5.0"
      }
    },
    {
      "identity" : "bcswiftdcbor",
      "kind" : "remoteSourceControl",
      "location" : "https://github.com/BlockchainCommons/BCSwiftDCBOR",
      "state" : {
        "revision" : "1ecccdc891f291402843420cb965923befee7cb4",
        "version" : "0.9.0"
      }
    },
    {
      "identity" : "bcswiftenvelope",
      "kind" : "remoteSourceControl",
      "location" : "https://github.com/BlockchainCommons/BCSwiftEnvelope.git",
      "state" : {
        "revision" : "c35fa4591ec7b541a4ac6f72a155672e0ce61f39",
        "version" : "0.9.0"
      }
    },
    {
      "identity" : "bcswiftfloat16",
      "kind" : "remoteSourceControl",
      "location" : "https://github.com/blockchaincommons/BCSwiftFloat16.git",
      "state" : {
        "revision" : "b1aefcdddbef4581579af9e35225c70cf6df107e",
        "version" : "0.2.0"
      }
    },
    {
      "identity" : "bcswiftsecurecomponents",
      "kind" : "remoteSourceControl",
      "location" : "https://github.com/BlockchainCommons/BCSwiftSecureComponents.git",
      "state" : {
        "revision" : "487fac62c6de5b52455ea49560108f1433c86f28",
        "version" : "4.1.0"
      }
    },
    {
      "identity" : "cryptoswift",
      "kind" : "remoteSourceControl",
      "location" : "https://github.com/krzyzanowskim/CryptoSwift.git",
      "state" : {
        "revision" : "eee9ad754926c40a0f7e73f152357d37b119b7fa",
        "version" : "1.7.1"
      }
    },
    {
      "identity" : "flexer",
      "kind" : "remoteSourceControl",
      "location" : "https://github.com/ChimeHQ/Flexer.git",
      "state" : {
        "revision" : "6a3ab33a479bf9e3a057b29e3708569c1dc9460f",
        "version" : "0.2.0"
      }
    },
    {
      "identity" : "graph",
      "kind" : "remoteSourceControl",
      "location" : "https://github.com/WolfMcNally/Graph.git",
      "state" : {
        "revision" : "04538aebf46f120dcce1392a215a7a850c45b4e6",
        "version" : "0.7.0"
      }
    },
    {
      "identity" : "graphdot",
      "kind" : "remoteSourceControl",
      "location" : "https://github.com/WolfMcNally/GraphDot.git",
      "state" : {
        "revision" : "dafe511afa3873e22c5cfd8478a9025d65480f99",
        "version" : "0.4.0"
      }
    },
    {
      "identity" : "graphmermaid",
      "kind" : "remoteSourceControl",
      "location" : "https://github.com/WolfMcNally/GraphMermaid.git",
      "state" : {
        "revision" : "251b091ef0bc75629ab8891784495701b7723465",
        "version" : "0.4.0"
      }
    },
    {
      "identity" : "secp256k1-zkp.swift",
      "kind" : "remoteSourceControl",
      "location" : "https://github.com/BlockchainCommons/secp256k1-zkp.swift.git",
      "state" : {
        "revision" : "e8f21c7d8d4dd7ac778e51427b908194f3fd9d82",
        "version" : "0.5.1"
      }
    },
    {
      "identity" : "swift-algorithms",
      "kind" : "remoteSourceControl",
      "location" : "https://github.com/apple/swift-algorithms",
      "state" : {
        "revision" : "b14b7f4c528c942f121c8b860b9410b2bf57825e",
        "version" : "1.0.0"
      }
    },
    {
      "identity" : "swift-collections",
      "kind" : "remoteSourceControl",
      "location" : "https://github.com/wolfmcnally/swift-collections",
      "state" : {
        "revision" : "53a8adc54374f620002a3b6401d39e0feb3c57ae",
        "version" : "1.1.0"
      }
    },
    {
      "identity" : "swift-numerics",
      "kind" : "remoteSourceControl",
      "location" : "https://github.com/apple/swift-numerics",
      "state" : {
        "revision" : "0a5bc04095a675662cf24757cc0640aa2204253b",
        "version" : "1.0.2"
      }
    },
    {
      "identity" : "treedistance",
      "kind" : "remoteSourceControl",
      "location" : "https://github.com/WolfMcNally/TreeDistance.git",
      "state" : {
        "revision" : "d655b0e516def12b1d4ec30935ecc833ad073f24",
        "version" : "0.1.0"
      }
    },
    {
      "identity" : "urkit",
      "kind" : "remoteSourceControl",
      "location" : "https://github.com/BlockchainCommons/URKit.git",
      "state" : {
        "revision" : "938eebc6b65ec4c7a8a2b6c5699140e3cd436c43",
        "version" : "11.2.1"
      }
    },
    {
      "identity" : "wolfbase",
      "kind" : "remoteSourceControl",
      "location" : "https://github.com/WolfMcNally/WolfBase",
      "state" : {
        "revision" : "21feeff132b57bbdf0eb57fae73a5e36d485b32d",
        "version" : "5.3.0"
      }
    }
  ],
  "version" : 2
}
