{
  "object": {
    "pins": [
      {
        "package": "CryptoSwift",
        "repositoryURL": "https://github.com/krzyzanowskim/CryptoSwift.git",
        "state": {
          "branch": null,
          "revision": "4b0565384d3c4c588af09e660535b2c7c9bf5b39",
          "version": "1.4.2"
        }
      },
      {
        "package": "Flexer",
        "repositoryURL": "https://github.com/ChimeHQ/Flexer.git",
        "state": {
          "branch": null,
          "revision": "fc83238259c8be6eade1af40d81c41e235e1d178",
          "version": "0.1.0"
        }
      },
      {
        "package": "URKit",
        "repositoryURL": "https://github.com/BlockchainCommons/URKit.git",
        "state": {
          "branch": null,
          "revision": "c125790d29d1c94a32966ed59a80f8eb3efad226",
          "version": "3.0.0"
        }
      },
      {
        "package": "WolfBase",
        "repositoryURL": "https://github.com/WolfMcNally/WolfBase",
        "state": {
          "branch": null,
          "revision": "e2d31011f52152590ec587f09c067c3b9fb064a3",
          "version": "2.4.1"
        }
      }
    ]
  },
  "version": 1
}
